
Microsoft Visual Studio Solution File, Format Version 12.00
# Visual Studio Version 16
VisualStudioVersion = 16.0.29503.13
MinimumVisualStudioVersion = 10.0.40219.1
Project("{FAE04EC0-301F-11D3-BF4B-00C04F79EFBC}") = "GameLife", "GameLife\GameLife.csproj", "{6531CAB7-5729-4F76-A2DC-44B4DC665884}"
EndProject
Global
	GlobalSection(SolutionConfigurationPlatforms) = preSolution
		Debug|Any CPU = Debug|Any CPU
		Release|Any CPU = Release|Any CPU
	EndGlobalSection
	GlobalSection(ProjectConfigurationPlatforms) = postSolution
		{6531CAB7-5729-4F76-A2DC-44B4DC665884}.Debug|Any CPU.ActiveCfg = Debug|Any CPU
		{6531CAB7-5729-4F76-A2DC-44B4DC665884}.Debug|Any CPU.Build.0 = Debug|Any CPU
		{6531CAB7-5729-4F76-A2DC-44B4DC665884}.Release|Any CPU.ActiveCfg = Release|Any CPU
		{6531CAB7-5729-4F76-A2DC-44B4DC665884}.Release|Any CPU.Build.0 = Release|Any CPU
	EndGlobalSection
	GlobalSection(SolutionProperties) = preSolution
		HideSolutionNode = FALSE
	EndGlobalSection
	GlobalSection(ExtensibilityGlobals) = postSolution
		SolutionGuid = {C22B5F50-03EC-44CD-B081-8336EDF2CFCE}
	EndGlobalSection
EndGlobal
